// !$*UTF8*$!
{
	archiveVersion = 1;
	classes = {
	};
	objectVersion = 46;
	objects = {

/* Begin PBXBuildFile section */
		A99557D1195236E800B14F56 /* Quick.framework in Frameworks */ = {isa = PBXBuildFile; fileRef = A99557CA195236DE00B14F56 /* Quick.framework */; };
		A99557D2195236F000B14F56 /* Nimble.framework in Frameworks */ = {isa = PBXBuildFile; fileRef = A99557BB195236D900B14F56 /* Nimble.framework */; };
		A9B8D532194DE15F00D298CC /* Algorithms.h in Headers */ = {isa = PBXBuildFile; fileRef = A9B8D531194DE15F00D298CC /* Algorithms.h */; settings = {ATTRIBUTES = (Public, ); }; };
		A9B8D538194DE16000D298CC /* Algorithms.framework in Frameworks */ = {isa = PBXBuildFile; fileRef = A9B8D52C194DE15F00D298CC /* Algorithms.framework */; };
		A9B8D53F194DE16000D298CC /* SortingAlgorithmsTests.swift in Sources */ = {isa = PBXBuildFile; fileRef = A9B8D53E194DE16000D298CC /* SortingAlgorithmsTests.swift */; };
		A9B8D55E194DE1CC00D298CC /* Algorithms.swift in Sources */ = {isa = PBXBuildFile; fileRef = A9B8D559194DE1CC00D298CC /* Algorithms.swift */; };
		A9B8D560194DE1CC00D298CC /* FunctionalExtensions.swift in Sources */ = {isa = PBXBuildFile; fileRef = A9B8D55B194DE1CC00D298CC /* FunctionalExtensions.swift */; };
		A9B8D561194DE1CC00D298CC /* Operators.swift in Sources */ = {isa = PBXBuildFile; fileRef = A9B8D55C194DE1CC00D298CC /* Operators.swift */; };
		A9B8D562194DE1CC00D298CC /* Utilities.swift in Sources */ = {isa = PBXBuildFile; fileRef = A9B8D55D194DE1CC00D298CC /* Utilities.swift */; };
		A9EA46721952D1E500FD49CC /* SearchAlgorithmsTests.swift in Sources */ = {isa = PBXBuildFile; fileRef = A9EA46711952D1E500FD49CC /* SearchAlgorithmsTests.swift */; };
/* End PBXBuildFile section */

/* Begin PBXContainerItemProxy section */
		A99557BA195236D900B14F56 /* PBXContainerItemProxy */ = {
			isa = PBXContainerItemProxy;
			containerPortal = A99557B1195236D900B14F56 /* Nimble.xcodeproj */;
			proxyType = 2;
			remoteGlobalIDString = 2E37EFEC1950663300DF5316;
			remoteInfo = Nimble;
		};
		A99557BC195236D900B14F56 /* PBXContainerItemProxy */ = {
			isa = PBXContainerItemProxy;
			containerPortal = A99557B1195236D900B14F56 /* Nimble.xcodeproj */;
			proxyType = 2;
			remoteGlobalIDString = 2E37EFF71950663300DF5316;
			remoteInfo = NimbleTests;
		};
		A99557BE195236D900B14F56 /* PBXContainerItemProxy */ = {
			isa = PBXContainerItemProxy;
			containerPortal = A99557B1195236D900B14F56 /* Nimble.xcodeproj */;
			proxyType = 2;
			remoteGlobalIDString = 2E37F0161950665000DF5316;
			remoteInfo = "Nimble-iOS";
		};
		A99557C0195236D900B14F56 /* PBXContainerItemProxy */ = {
			isa = PBXContainerItemProxy;
			containerPortal = A99557B1195236D900B14F56 /* Nimble.xcodeproj */;
			proxyType = 2;
			remoteGlobalIDString = 2E37F0201950665000DF5316;
			remoteInfo = "Nimble-iOSTests";
		};
		A99557C9195236DE00B14F56 /* PBXContainerItemProxy */ = {
			isa = PBXContainerItemProxy;
			containerPortal = A99557C2195236DE00B14F56 /* Quick.xcodeproj */;
			proxyType = 2;
			remoteGlobalIDString = DAEB6B8E1943873100289F44;
			remoteInfo = Quick;
		};
		A99557CB195236DE00B14F56 /* PBXContainerItemProxy */ = {
			isa = PBXContainerItemProxy;
			containerPortal = A99557C2195236DE00B14F56 /* Quick.xcodeproj */;
			proxyType = 2;
			remoteGlobalIDString = DAEB6B991943873100289F44;
			remoteInfo = QuickTests;
		};
		A99557CD195236DE00B14F56 /* PBXContainerItemProxy */ = {
			isa = PBXContainerItemProxy;
			containerPortal = A99557C2195236DE00B14F56 /* Quick.xcodeproj */;
			proxyType = 2;
			remoteGlobalIDString = 5A5D117C19473F2100F6D13D;
			remoteInfo = "Quick-iOS";
		};
		A99557CF195236DE00B14F56 /* PBXContainerItemProxy */ = {
			isa = PBXContainerItemProxy;
			containerPortal = A99557C2195236DE00B14F56 /* Quick.xcodeproj */;
			proxyType = 2;
			remoteGlobalIDString = 5A5D118619473F2100F6D13D;
			remoteInfo = "Quick-iOSTests";
		};
		A9B8D539194DE16000D298CC /* PBXContainerItemProxy */ = {
			isa = PBXContainerItemProxy;
			containerPortal = A9B8D523194DE15F00D298CC /* Project object */;
			proxyType = 1;
			remoteGlobalIDString = A9B8D52B194DE15F00D298CC;
			remoteInfo = Algorithms;
		};
/* End PBXContainerItemProxy section */

/* Begin PBXFileReference section */
		A99557B1195236D900B14F56 /* Nimble.xcodeproj */ = {isa = PBXFileReference; lastKnownFileType = "wrapper.pb-project"; name = Nimble.xcodeproj; path = Libraries/Quick/Nimble/Nimble.xcodeproj; sourceTree = SOURCE_ROOT; };
		A99557C2195236DE00B14F56 /* Quick.xcodeproj */ = {isa = PBXFileReference; lastKnownFileType = "wrapper.pb-project"; name = Quick.xcodeproj; path = Libraries/Quick/Quick/Quick.xcodeproj; sourceTree = SOURCE_ROOT; };
		A9B8D52C194DE15F00D298CC /* Algorithms.framework */ = {isa = PBXFileReference; explicitFileType = wrapper.framework; includeInIndex = 0; path = Algorithms.framework; sourceTree = BUILT_PRODUCTS_DIR; };
		A9B8D530194DE15F00D298CC /* Info.plist */ = {isa = PBXFileReference; lastKnownFileType = text.plist.xml; path = Info.plist; sourceTree = "<group>"; };
		A9B8D531194DE15F00D298CC /* Algorithms.h */ = {isa = PBXFileReference; lastKnownFileType = sourcecode.c.h; path = Algorithms.h; sourceTree = "<group>"; };
		A9B8D537194DE16000D298CC /* AlgorithmsTests.xctest */ = {isa = PBXFileReference; explicitFileType = wrapper.cfbundle; includeInIndex = 0; path = AlgorithmsTests.xctest; sourceTree = BUILT_PRODUCTS_DIR; };
		A9B8D53D194DE16000D298CC /* Info.plist */ = {isa = PBXFileReference; lastKnownFileType = text.plist.xml; path = Info.plist; sourceTree = "<group>"; };
		A9B8D53E194DE16000D298CC /* SortingAlgorithmsTests.swift */ = {isa = PBXFileReference; lastKnownFileType = sourcecode.swift; path = SortingAlgorithmsTests.swift; sourceTree = "<group>"; };
		A9B8D559194DE1CC00D298CC /* Algorithms.swift */ = {isa = PBXFileReference; fileEncoding = 4; lastKnownFileType = sourcecode.swift; path = Algorithms.swift; sourceTree = "<group>"; };
		A9B8D55B194DE1CC00D298CC /* FunctionalExtensions.swift */ = {isa = PBXFileReference; fileEncoding = 4; lastKnownFileType = sourcecode.swift; path = FunctionalExtensions.swift; sourceTree = "<group>"; };
		A9B8D55C194DE1CC00D298CC /* Operators.swift */ = {isa = PBXFileReference; fileEncoding = 4; lastKnownFileType = sourcecode.swift; path = Operators.swift; sourceTree = "<group>"; };
		A9B8D55D194DE1CC00D298CC /* Utilities.swift */ = {isa = PBXFileReference; fileEncoding = 4; lastKnownFileType = sourcecode.swift; path = Utilities.swift; sourceTree = "<group>"; };
		A9EA46711952D1E500FD49CC /* SearchAlgorithmsTests.swift */ = {isa = PBXFileReference; fileEncoding = 4; lastKnownFileType = sourcecode.swift; path = SearchAlgorithmsTests.swift; sourceTree = "<group>"; };
/* End PBXFileReference section */

/* Begin PBXFrameworksBuildPhase section */
		A9B8D528194DE15F00D298CC /* Frameworks */ = {
			isa = PBXFrameworksBuildPhase;
			buildActionMask = 2147483647;
			files = (
			);
			runOnlyForDeploymentPostprocessing = 0;
		};
		A9B8D534194DE16000D298CC /* Frameworks */ = {
			isa = PBXFrameworksBuildPhase;
			buildActionMask = 2147483647;
			files = (
				A99557D2195236F000B14F56 /* Nimble.framework in Frameworks */,
				A99557D1195236E800B14F56 /* Quick.framework in Frameworks */,
				A9B8D538194DE16000D298CC /* Algorithms.framework in Frameworks */,
			);
			runOnlyForDeploymentPostprocessing = 0;
		};
/* End PBXFrameworksBuildPhase section */

/* Begin PBXGroup section */
		A99557B2195236D900B14F56 /* Products */ = {
			isa = PBXGroup;
			children = (
				A99557BB195236D900B14F56 /* Nimble.framework */,
				A99557BD195236D900B14F56 /* NimbleTests.xctest */,
				A99557BF195236D900B14F56 /* Nimble.framework */,
				A99557C1195236D900B14F56 /* Nimble-iOSTests.xctest */,
			);
			name = Products;
			sourceTree = "<group>";
		};
		A99557C3195236DE00B14F56 /* Products */ = {
			isa = PBXGroup;
			children = (
				A99557CA195236DE00B14F56 /* Quick.framework */,
				A99557CC195236DE00B14F56 /* QuickTests.xctest */,
				A99557CE195236DE00B14F56 /* Quick.framework */,
				A99557D0195236DE00B14F56 /* Quick-iOSTests.xctest */,
			);
			name = Products;
			sourceTree = "<group>";
		};
		A9B8D522194DE15F00D298CC = {
			isa = PBXGroup;
			children = (
				A9B8D52E194DE15F00D298CC /* Algorithms */,
				A9B8D53B194DE16000D298CC /* AlgorithmsTests */,
				A9B8D52D194DE15F00D298CC /* Products */,
			);
			sourceTree = "<group>";
		};
		A9B8D52D194DE15F00D298CC /* Products */ = {
			isa = PBXGroup;
			children = (
				A9B8D52C194DE15F00D298CC /* Algorithms.framework */,
				A9B8D537194DE16000D298CC /* AlgorithmsTests.xctest */,
			);
			name = Products;
			sourceTree = "<group>";
		};
		A9B8D52E194DE15F00D298CC /* Algorithms */ = {
			isa = PBXGroup;
			children = (
				A9B8D531194DE15F00D298CC /* Algorithms.h */,
				A9B8D558194DE1CC00D298CC /* Classes */,
				A9B8D52F194DE15F00D298CC /* Supporting Files */,
			);
			path = Algorithms;
			sourceTree = "<group>";
		};
		A9B8D52F194DE15F00D298CC /* Supporting Files */ = {
			isa = PBXGroup;
			children = (
				A9B8D530194DE15F00D298CC /* Info.plist */,
			);
			name = "Supporting Files";
			sourceTree = "<group>";
		};
		A9B8D53B194DE16000D298CC /* AlgorithmsTests */ = {
			isa = PBXGroup;
			children = (
				A9B8D548194DE18D00D298CC /* Libraries */,
				A9B8D53E194DE16000D298CC /* SortingAlgorithmsTests.swift */,
				A9EA46711952D1E500FD49CC /* SearchAlgorithmsTests.swift */,
				A9B8D53C194DE16000D298CC /* Supporting Files */,
			);
			path = AlgorithmsTests;
			sourceTree = "<group>";
		};
		A9B8D53C194DE16000D298CC /* Supporting Files */ = {
			isa = PBXGroup;
			children = (
				A9B8D53D194DE16000D298CC /* Info.plist */,
			);
			name = "Supporting Files";
			sourceTree = "<group>";
		};
		A9B8D548194DE18D00D298CC /* Libraries */ = {
			isa = PBXGroup;
			children = (
				A99557C2195236DE00B14F56 /* Quick.xcodeproj */,
				A99557B1195236D900B14F56 /* Nimble.xcodeproj */,
			);
			name = Libraries;
			sourceTree = "<group>";
		};
		A9B8D558194DE1CC00D298CC /* Classes */ = {
			isa = PBXGroup;
			children = (
				A9B8D559194DE1CC00D298CC /* Algorithms.swift */,
				A9B8D55B194DE1CC00D298CC /* FunctionalExtensions.swift */,
				A9B8D55C194DE1CC00D298CC /* Operators.swift */,
				A9B8D55D194DE1CC00D298CC /* Utilities.swift */,
			);
			path = Classes;
			sourceTree = "<group>";
		};
/* End PBXGroup section */

/* Begin PBXHeadersBuildPhase section */
		A9B8D529194DE15F00D298CC /* Headers */ = {
			isa = PBXHeadersBuildPhase;
			buildActionMask = 2147483647;
			files = (
				A9B8D532194DE15F00D298CC /* Algorithms.h in Headers */,
			);
			runOnlyForDeploymentPostprocessing = 0;
		};
/* End PBXHeadersBuildPhase section */

/* Begin PBXNativeTarget section */
		A9B8D52B194DE15F00D298CC /* Algorithms */ = {
			isa = PBXNativeTarget;
			buildConfigurationList = A9B8D542194DE16000D298CC /* Build configuration list for PBXNativeTarget "Algorithms" */;
			buildPhases = (
				A9B8D527194DE15F00D298CC /* Sources */,
				A9B8D528194DE15F00D298CC /* Frameworks */,
				A9B8D529194DE15F00D298CC /* Headers */,
				A9B8D52A194DE15F00D298CC /* Resources */,
			);
			buildRules = (
			);
			dependencies = (
			);
			name = Algorithms;
			productName = Algorithms;
			productReference = A9B8D52C194DE15F00D298CC /* Algorithms.framework */;
			productType = "com.apple.product-type.framework";
		};
		A9B8D536194DE16000D298CC /* AlgorithmsTests */ = {
			isa = PBXNativeTarget;
			buildConfigurationList = A9B8D545194DE16000D298CC /* Build configuration list for PBXNativeTarget "AlgorithmsTests" */;
			buildPhases = (
				A9B8D533194DE16000D298CC /* Sources */,
				A9B8D534194DE16000D298CC /* Frameworks */,
				A9B8D535194DE16000D298CC /* Resources */,
			);
			buildRules = (
			);
			dependencies = (
				A9B8D53A194DE16000D298CC /* PBXTargetDependency */,
			);
			name = AlgorithmsTests;
			productName = AlgorithmsTests;
			productReference = A9B8D537194DE16000D298CC /* AlgorithmsTests.xctest */;
			productType = "com.apple.product-type.bundle.unit-test";
		};
/* End PBXNativeTarget section */

/* Begin PBXProject section */
		A9B8D523194DE15F00D298CC /* Project object */ = {
			isa = PBXProject;
			attributes = {
				LastUpgradeCheck = 0600;
				ORGANIZATIONNAME = "Marco Sero";
				TargetAttributes = {
					A9B8D52B194DE15F00D298CC = {
						CreatedOnToolsVersion = 6.0;
					};
					A9B8D536194DE16000D298CC = {
						CreatedOnToolsVersion = 6.0;
						TestTargetID = A9B8D52B194DE15F00D298CC;
					};
				};
			};
			buildConfigurationList = A9B8D526194DE15F00D298CC /* Build configuration list for PBXProject "Algorithms" */;
			compatibilityVersion = "Xcode 3.2";
			developmentRegion = English;
			hasScannedForEncodings = 0;
			knownRegions = (
				en,
			);
			mainGroup = A9B8D522194DE15F00D298CC;
			productRefGroup = A9B8D52D194DE15F00D298CC /* Products */;
			projectDirPath = "";
			projectReferences = (
				{
					ProductGroup = A99557B2195236D900B14F56 /* Products */;
					ProjectRef = A99557B1195236D900B14F56 /* Nimble.xcodeproj */;
				},
				{
					ProductGroup = A99557C3195236DE00B14F56 /* Products */;
					ProjectRef = A99557C2195236DE00B14F56 /* Quick.xcodeproj */;
				},
			);
			projectRoot = "";
			targets = (
				A9B8D52B194DE15F00D298CC /* Algorithms */,
				A9B8D536194DE16000D298CC /* AlgorithmsTests */,
			);
		};
/* End PBXProject section */

/* Begin PBXReferenceProxy section */
		A99557BB195236D900B14F56 /* Nimble.framework */ = {
			isa = PBXReferenceProxy;
			fileType = wrapper.framework;
			path = Nimble.framework;
			remoteRef = A99557BA195236D900B14F56 /* PBXContainerItemProxy */;
			sourceTree = BUILT_PRODUCTS_DIR;
		};
		A99557BD195236D900B14F56 /* NimbleTests.xctest */ = {
			isa = PBXReferenceProxy;
			fileType = wrapper.cfbundle;
			path = NimbleTests.xctest;
			remoteRef = A99557BC195236D900B14F56 /* PBXContainerItemProxy */;
			sourceTree = BUILT_PRODUCTS_DIR;
		};
		A99557BF195236D900B14F56 /* Nimble.framework */ = {
			isa = PBXReferenceProxy;
			fileType = wrapper.framework;
			path = Nimble.framework;
			remoteRef = A99557BE195236D900B14F56 /* PBXContainerItemProxy */;
			sourceTree = BUILT_PRODUCTS_DIR;
		};
		A99557C1195236D900B14F56 /* Nimble-iOSTests.xctest */ = {
			isa = PBXReferenceProxy;
			fileType = wrapper.cfbundle;
			path = "Nimble-iOSTests.xctest";
			remoteRef = A99557C0195236D900B14F56 /* PBXContainerItemProxy */;
			sourceTree = BUILT_PRODUCTS_DIR;
		};
		A99557CA195236DE00B14F56 /* Quick.framework */ = {
			isa = PBXReferenceProxy;
			fileType = wrapper.framework;
			path = Quick.framework;
			remoteRef = A99557C9195236DE00B14F56 /* PBXContainerItemProxy */;
			sourceTree = BUILT_PRODUCTS_DIR;
		};
		A99557CC195236DE00B14F56 /* QuickTests.xctest */ = {
			isa = PBXReferenceProxy;
			fileType = wrapper.cfbundle;
			path = QuickTests.xctest;
			remoteRef = A99557CB195236DE00B14F56 /* PBXContainerItemProxy */;
			sourceTree = BUILT_PRODUCTS_DIR;
		};
		A99557CE195236DE00B14F56 /* Quick.framework */ = {
			isa = PBXReferenceProxy;
			fileType = wrapper.framework;
			path = Quick.framework;
			remoteRef = A99557CD195236DE00B14F56 /* PBXContainerItemProxy */;
			sourceTree = BUILT_PRODUCTS_DIR;
		};
		A99557D0195236DE00B14F56 /* Quick-iOSTests.xctest */ = {
			isa = PBXReferenceProxy;
			fileType = wrapper.cfbundle;
			path = "Quick-iOSTests.xctest";
			remoteRef = A99557CF195236DE00B14F56 /* PBXContainerItemProxy */;
			sourceTree = BUILT_PRODUCTS_DIR;
		};
/* End PBXReferenceProxy section */

/* Begin PBXResourcesBuildPhase section */
		A9B8D52A194DE15F00D298CC /* Resources */ = {
			isa = PBXResourcesBuildPhase;
			buildActionMask = 2147483647;
			files = (
			);
			runOnlyForDeploymentPostprocessing = 0;
		};
		A9B8D535194DE16000D298CC /* Resources */ = {
			isa = PBXResourcesBuildPhase;
			buildActionMask = 2147483647;
			files = (
			);
			runOnlyForDeploymentPostprocessing = 0;
		};
/* End PBXResourcesBuildPhase section */

/* Begin PBXSourcesBuildPhase section */
		A9B8D527194DE15F00D298CC /* Sources */ = {
			isa = PBXSourcesBuildPhase;
			buildActionMask = 2147483647;
			files = (
				A9B8D561194DE1CC00D298CC /* Operators.swift in Sources */,
				A9B8D560194DE1CC00D298CC /* FunctionalExtensions.swift in Sources */,
				A9B8D562194DE1CC00D298CC /* Utilities.swift in Sources */,
				A9B8D55E194DE1CC00D298CC /* Algorithms.swift in Sources */,
			);
			runOnlyForDeploymentPostprocessing = 0;
		};
		A9B8D533194DE16000D298CC /* Sources */ = {
			isa = PBXSourcesBuildPhase;
			buildActionMask = 2147483647;
			files = (
				A9B8D53F194DE16000D298CC /* SortingAlgorithmsTests.swift in Sources */,
				A9EA46721952D1E500FD49CC /* SearchAlgorithmsTests.swift in Sources */,
			);
			runOnlyForDeploymentPostprocessing = 0;
		};
/* End PBXSourcesBuildPhase section */

/* Begin PBXTargetDependency section */
		A9B8D53A194DE16000D298CC /* PBXTargetDependency */ = {
			isa = PBXTargetDependency;
			target = A9B8D52B194DE15F00D298CC /* Algorithms */;
			targetProxy = A9B8D539194DE16000D298CC /* PBXContainerItemProxy */;
		};
/* End PBXTargetDependency section */

/* Begin XCBuildConfiguration section */
		A9B8D540194DE16000D298CC /* Debug */ = {
			isa = XCBuildConfiguration;
			buildSettings = {
				ALWAYS_SEARCH_USER_PATHS = NO;
				CLANG_CXX_LANGUAGE_STANDARD = "gnu++0x";
				CLANG_CXX_LIBRARY = "libc++";
				CLANG_ENABLE_MODULES = YES;
				CLANG_ENABLE_OBJC_ARC = YES;
				CLANG_WARN_BOOL_CONVERSION = YES;
				CLANG_WARN_CONSTANT_CONVERSION = YES;
				CLANG_WARN_DIRECT_OBJC_ISA_USAGE = YES_ERROR;
				CLANG_WARN_EMPTY_BODY = YES;
				CLANG_WARN_ENUM_CONVERSION = YES;
				CLANG_WARN_INT_CONVERSION = YES;
				CLANG_WARN_OBJC_ROOT_CLASS = YES_ERROR;
				CLANG_WARN_UNREACHABLE_CODE = YES;
				CLANG_WARN__DUPLICATE_METHOD_MATCH = YES;
				"CODE_SIGN_IDENTITY[sdk=iphoneos*]" = "iPhone Developer";
				COPY_PHASE_STRIP = NO;
				CURRENT_PROJECT_VERSION = 1;
				ENABLE_STRICT_OBJC_MSGSEND = YES;
				GCC_C_LANGUAGE_STANDARD = gnu99;
				GCC_DYNAMIC_NO_PIC = NO;
				GCC_OPTIMIZATION_LEVEL = 0;
				GCC_PREPROCESSOR_DEFINITIONS = (
					"DEBUG=1",
					"$(inherited)",
				);
				GCC_SYMBOLS_PRIVATE_EXTERN = NO;
				GCC_WARN_64_TO_32_BIT_CONVERSION = YES;
				GCC_WARN_ABOUT_RETURN_TYPE = YES_ERROR;
				GCC_WARN_UNDECLARED_SELECTOR = YES;
				GCC_WARN_UNINITIALIZED_AUTOS = YES_AGGRESSIVE;
				GCC_WARN_UNUSED_FUNCTION = YES;
				GCC_WARN_UNUSED_VARIABLE = YES;
				IPHONEOS_DEPLOYMENT_TARGET = 8.0;
				METAL_ENABLE_DEBUG_INFO = YES;
				ONLY_ACTIVE_ARCH = YES;
				SDKROOT = iphoneos;
				SWIFT_OPTIMIZATION_LEVEL = "-Onone";
				TARGETED_DEVICE_FAMILY = "1,2";
				VERSIONING_SYSTEM = "apple-generic";
				VERSION_INFO_PREFIX = "";
			};
			name = Debug;
		};
		A9B8D541194DE16000D298CC /* Release */ = {
			isa = XCBuildConfiguration;
			buildSettings = {
				ALWAYS_SEARCH_USER_PATHS = NO;
				CLANG_CXX_LANGUAGE_STANDARD = "gnu++0x";
				CLANG_CXX_LIBRARY = "libc++";
				CLANG_ENABLE_MODULES = YES;
				CLANG_ENABLE_OBJC_ARC = YES;
				CLANG_WARN_BOOL_CONVERSION = YES;
				CLANG_WARN_CONSTANT_CONVERSION = YES;
				CLANG_WARN_DIRECT_OBJC_ISA_USAGE = YES_ERROR;
				CLANG_WARN_EMPTY_BODY = YES;
				CLANG_WARN_ENUM_CONVERSION = YES;
				CLANG_WARN_INT_CONVERSION = YES;
				CLANG_WARN_OBJC_ROOT_CLASS = YES_ERROR;
				CLANG_WARN_UNREACHABLE_CODE = YES;
				CLANG_WARN__DUPLICATE_METHOD_MATCH = YES;
				"CODE_SIGN_IDENTITY[sdk=iphoneos*]" = "iPhone Developer";
				COPY_PHASE_STRIP = YES;
				CURRENT_PROJECT_VERSION = 1;
				ENABLE_NS_ASSERTIONS = NO;
				ENABLE_STRICT_OBJC_MSGSEND = YES;
				GCC_C_LANGUAGE_STANDARD = gnu99;
				GCC_WARN_64_TO_32_BIT_CONVERSION = YES;
				GCC_WARN_ABOUT_RETURN_TYPE = YES_ERROR;
				GCC_WARN_UNDECLARED_SELECTOR = YES;
				GCC_WARN_UNINITIALIZED_AUTOS = YES_AGGRESSIVE;
				GCC_WARN_UNUSED_FUNCTION = YES;
				GCC_WARN_UNUSED_VARIABLE = YES;
				IPHONEOS_DEPLOYMENT_TARGET = 8.0;
				METAL_ENABLE_DEBUG_INFO = NO;
				SDKROOT = iphoneos;
				TARGETED_DEVICE_FAMILY = "1,2";
				VALIDATE_PRODUCT = YES;
				VERSIONING_SYSTEM = "apple-generic";
				VERSION_INFO_PREFIX = "";
			};
			name = Release;
		};
		A9B8D543194DE16000D298CC /* Debug */ = {
			isa = XCBuildConfiguration;
			buildSettings = {
				DEFINES_MODULE = YES;
				DYLIB_COMPATIBILITY_VERSION = 1;
				DYLIB_CURRENT_VERSION = 1;
				DYLIB_INSTALL_NAME_BASE = "@rpath";
				INFOPLIST_FILE = Algorithms/Info.plist;
				INSTALL_PATH = "$(LOCAL_LIBRARY_DIR)/Frameworks";
				LD_RUNPATH_SEARCH_PATHS = "$(inherited) @executable_path/Frameworks @loader_path/Frameworks";
				PRODUCT_NAME = "$(TARGET_NAME)";
				SKIP_INSTALL = YES;
			};
			name = Debug;
		};
		A9B8D544194DE16000D298CC /* Release */ = {
			isa = XCBuildConfiguration;
			buildSettings = {
				DEFINES_MODULE = YES;
				DYLIB_COMPATIBILITY_VERSION = 1;
				DYLIB_CURRENT_VERSION = 1;
				DYLIB_INSTALL_NAME_BASE = "@rpath";
				INFOPLIST_FILE = Algorithms/Info.plist;
				INSTALL_PATH = "$(LOCAL_LIBRARY_DIR)/Frameworks";
				LD_RUNPATH_SEARCH_PATHS = "$(inherited) @executable_path/Frameworks @loader_path/Frameworks";
				PRODUCT_NAME = "$(TARGET_NAME)";
				SKIP_INSTALL = YES;
			};
			name = Release;
		};
		A9B8D546194DE16000D298CC /* Debug */ = {
			isa = XCBuildConfiguration;
			buildSettings = {
				FRAMEWORK_SEARCH_PATHS = (
					"$(SDKROOT)/Developer/Library/Frameworks",
					"$(inherited)",
				);
				GCC_PREPROCESSOR_DEFINITIONS = (
					"DEBUG=1",
					"$(inherited)",
				);
				INFOPLIST_FILE = AlgorithmsTests/Info.plist;
				LD_RUNPATH_SEARCH_PATHS = "$(inherited) @executable_path/Frameworks @loader_path/Frameworks";
				METAL_ENABLE_DEBUG_INFO = YES;
				PRODUCT_NAME = "$(TARGET_NAME)";
			};
			name = Debug;
		};
		A9B8D547194DE16000D298CC /* Release */ = {
			isa = XCBuildConfiguration;
			buildSettings = {
				FRAMEWORK_SEARCH_PATHS = (
					"$(SDKROOT)/Developer/Library/Frameworks",
					"$(inherited)",
				);
				INFOPLIST_FILE = AlgorithmsTests/Info.plist;
				LD_RUNPATH_SEARCH_PATHS = "$(inherited) @executable_path/Frameworks @loader_path/Frameworks";
				METAL_ENABLE_DEBUG_INFO = NO;
				PRODUCT_NAME = "$(TARGET_NAME)";
			};
			name = Release;
		};
/* End XCBuildConfiguration section */

/* Begin XCConfigurationList section */
		A9B8D526194DE15F00D298CC /* Build configuration list for PBXProject "Algorithms" */ = {
			isa = XCConfigurationList;
			buildConfigurations = (
				A9B8D540194DE16000D298CC /* Debug */,
				A9B8D541194DE16000D298CC /* Release */,
			);
			defaultConfigurationIsVisible = 0;
			defaultConfigurationName = Release;
		};
		A9B8D542194DE16000D298CC /* Build configuration list for PBXNativeTarget "Algorithms" */ = {
			isa = XCConfigurationList;
			buildConfigurations = (
				A9B8D543194DE16000D298CC /* Debug */,
				A9B8D544194DE16000D298CC /* Release */,
			);
			defaultConfigurationIsVisible = 0;
			defaultConfigurationName = Release;
		};
		A9B8D545194DE16000D298CC /* Build configuration list for PBXNativeTarget "AlgorithmsTests" */ = {
			isa = XCConfigurationList;
			buildConfigurations = (
				A9B8D546194DE16000D298CC /* Debug */,
				A9B8D547194DE16000D298CC /* Release */,
			);
			defaultConfigurationIsVisible = 0;
			defaultConfigurationName = Release;
		};
/* End XCConfigurationList section */
	};
	rootObject = A9B8D523194DE15F00D298CC /* Project object */;
}
